
Microsoft Visual Studio Solution File, Format Version 12.00
# Visual Studio 14
VisualStudioVersion = 14.0.25420.1
MinimumVisualStudioVersion = 10.0.40219.1
Project("{FAE04EC0-301F-11D3-BF4B-00C04F79EFBC}") = "RecieveRequestPrototype.Core", "RecieveRequestPrototype.Core\RecieveRequestPrototype.Core.csproj", "{3919A5F6-49AA-48B9-B2A7-8718E297BD3B}"
EndProject
Project("{FAE04EC0-301F-11D3-BF4B-00C04F79EFBC}") = "RecieveRequestPrototype.droid", "RecieveRequestPrototype.droid\RecieveRequestPrototype.droid.csproj", "{A1AD39C1-27A8-4D5E-844F-B950497AC109}"
EndProject
Global
	GlobalSection(SolutionConfigurationPlatforms) = preSolution
		Debug|Any CPU = Debug|Any CPU
		Release|Any CPU = Release|Any CPU
	EndGlobalSection
	GlobalSection(ProjectConfigurationPlatforms) = postSolution
		{3919A5F6-49AA-48B9-B2A7-8718E297BD3B}.Debug|Any CPU.ActiveCfg = Debug|Any CPU
		{3919A5F6-49AA-48B9-B2A7-8718E297BD3B}.Debug|Any CPU.Build.0 = Debug|Any CPU
		{3919A5F6-49AA-48B9-B2A7-8718E297BD3B}.Release|Any CPU.ActiveCfg = Release|Any CPU
		{3919A5F6-49AA-48B9-B2A7-8718E297BD3B}.Release|Any CPU.Build.0 = Release|Any CPU
		{A1AD39C1-27A8-4D5E-844F-B950497AC109}.Debug|Any CPU.ActiveCfg = Debug|Any CPU
		{A1AD39C1-27A8-4D5E-844F-B950497AC109}.Debug|Any CPU.Build.0 = Debug|Any CPU
		{A1AD39C1-27A8-4D5E-844F-B950497AC109}.Debug|Any CPU.Deploy.0 = Debug|Any CPU
		{A1AD39C1-27A8-4D5E-844F-B950497AC109}.Release|Any CPU.ActiveCfg = Release|Any CPU
		{A1AD39C1-27A8-4D5E-844F-B950497AC109}.Release|Any CPU.Build.0 = Release|Any CPU
		{A1AD39C1-27A8-4D5E-844F-B950497AC109}.Release|Any CPU.Deploy.0 = Release|Any CPU
	EndGlobalSection
	GlobalSection(SolutionProperties) = preSolution
		HideSolutionNode = FALSE
	EndGlobalSection
EndGlobal
